
Microsoft Visual Studio Solution File, Format Version 12.00
# Visual Studio Version 16
VisualStudioVersion = 16.0.31911.196
MinimumVisualStudioVersion = 10.0.40219.1
Project("{FAE04EC0-301F-11D3-BF4B-00C04F79EFBC}") = "Envelopes", "Envelopes\Envelopes.csproj", "{D2EDABEC-C966-496D-B839-9DAEF4BAAB27}"
EndProject
Project("{FAE04EC0-301F-11D3-BF4B-00C04F79EFBC}") = "NumberToString", "NumberToString\NumberToString.csproj", "{FF08B641-8BCE-44A1-AB40-FF90503F17F3}"
EndProject
Project("{FAE04EC0-301F-11D3-BF4B-00C04F79EFBC}") = "Tickets", "Tickets\Tickets.csproj", "{C3004DB7-BCBB-46D9-A104-9CDF5FF9A22F}"
EndProject
Project("{9A19103F-16F7-4668-BE54-9A1E7A4F7556}") = "GenericTask", "GenericTask\GenericTask.csproj", "{48DCFF5A-3D60-462C-B0AF-2182DD4FA398}"
EndProject
Project("{FAE04EC0-301F-11D3-BF4B-00C04F79EFBC}") = "EnvelopesTests", "EnvelopesTests\EnvelopesTests.csproj", "{C9590525-5D25-427B-A859-1C30E6A74624}"
EndProject
Project("{FAE04EC0-301F-11D3-BF4B-00C04F79EFBC}") = "NumberToStringTests", "NumberToStringTests\NumberToStringTests.csproj", "{015B522A-4D48-4630-BB23-AA0F7C0E99A2}"
	ProjectSection(ProjectDependencies) = postProject
		{FF08B641-8BCE-44A1-AB40-FF90503F17F3} = {FF08B641-8BCE-44A1-AB40-FF90503F17F3}
	EndProjectSection
EndProject
Project("{FAE04EC0-301F-11D3-BF4B-00C04F79EFBC}") = "TicketsTests", "TicketsTests\TicketsTests.csproj", "{13A78041-89BD-4F11-B57D-445477564521}"
EndProject
Global
	GlobalSection(SolutionConfigurationPlatforms) = preSolution
		Debug|Any CPU = Debug|Any CPU
		Release|Any CPU = Release|Any CPU
	EndGlobalSection
	GlobalSection(ProjectConfigurationPlatforms) = postSolution
		{D2EDABEC-C966-496D-B839-9DAEF4BAAB27}.Debug|Any CPU.ActiveCfg = Debug|Any CPU
		{D2EDABEC-C966-496D-B839-9DAEF4BAAB27}.Debug|Any CPU.Build.0 = Debug|Any CPU
		{D2EDABEC-C966-496D-B839-9DAEF4BAAB27}.Release|Any CPU.ActiveCfg = Release|Any CPU
		{D2EDABEC-C966-496D-B839-9DAEF4BAAB27}.Release|Any CPU.Build.0 = Release|Any CPU
		{FF08B641-8BCE-44A1-AB40-FF90503F17F3}.Debug|Any CPU.ActiveCfg = Debug|Any CPU
		{FF08B641-8BCE-44A1-AB40-FF90503F17F3}.Debug|Any CPU.Build.0 = Debug|Any CPU
		{FF08B641-8BCE-44A1-AB40-FF90503F17F3}.Release|Any CPU.ActiveCfg = Release|Any CPU
		{FF08B641-8BCE-44A1-AB40-FF90503F17F3}.Release|Any CPU.Build.0 = Release|Any CPU
		{C3004DB7-BCBB-46D9-A104-9CDF5FF9A22F}.Debug|Any CPU.ActiveCfg = Debug|Any CPU
		{C3004DB7-BCBB-46D9-A104-9CDF5FF9A22F}.Debug|Any CPU.Build.0 = Debug|Any CPU
		{C3004DB7-BCBB-46D9-A104-9CDF5FF9A22F}.Release|Any CPU.ActiveCfg = Release|Any CPU
		{C3004DB7-BCBB-46D9-A104-9CDF5FF9A22F}.Release|Any CPU.Build.0 = Release|Any CPU
		{48DCFF5A-3D60-462C-B0AF-2182DD4FA398}.Debug|Any CPU.ActiveCfg = Debug|Any CPU
		{48DCFF5A-3D60-462C-B0AF-2182DD4FA398}.Debug|Any CPU.Build.0 = Debug|Any CPU
		{48DCFF5A-3D60-462C-B0AF-2182DD4FA398}.Release|Any CPU.ActiveCfg = Release|Any CPU
		{48DCFF5A-3D60-462C-B0AF-2182DD4FA398}.Release|Any CPU.Build.0 = Release|Any CPU
		{C9590525-5D25-427B-A859-1C30E6A74624}.Debug|Any CPU.ActiveCfg = Debug|Any CPU
		{C9590525-5D25-427B-A859-1C30E6A74624}.Debug|Any CPU.Build.0 = Debug|Any CPU
		{C9590525-5D25-427B-A859-1C30E6A74624}.Release|Any CPU.ActiveCfg = Release|Any CPU
		{C9590525-5D25-427B-A859-1C30E6A74624}.Release|Any CPU.Build.0 = Release|Any CPU
		{015B522A-4D48-4630-BB23-AA0F7C0E99A2}.Debug|Any CPU.ActiveCfg = Debug|Any CPU
		{015B522A-4D48-4630-BB23-AA0F7C0E99A2}.Debug|Any CPU.Build.0 = Debug|Any CPU
		{015B522A-4D48-4630-BB23-AA0F7C0E99A2}.Release|Any CPU.ActiveCfg = Release|Any CPU
		{015B522A-4D48-4630-BB23-AA0F7C0E99A2}.Release|Any CPU.Build.0 = Release|Any CPU
		{13A78041-89BD-4F11-B57D-445477564521}.Debug|Any CPU.ActiveCfg = Debug|Any CPU
		{13A78041-89BD-4F11-B57D-445477564521}.Debug|Any CPU.Build.0 = Debug|Any CPU
		{13A78041-89BD-4F11-B57D-445477564521}.Release|Any CPU.ActiveCfg = Release|Any CPU
		{13A78041-89BD-4F11-B57D-445477564521}.Release|Any CPU.Build.0 = Release|Any CPU
	EndGlobalSection
	GlobalSection(SolutionProperties) = preSolution
		HideSolutionNode = FALSE
	EndGlobalSection
	GlobalSection(ExtensibilityGlobals) = postSolution
		SolutionGuid = {B09D72EF-40D8-431A-BB79-9D3861AD3A0D}
	EndGlobalSection
EndGlobal
